
Microsoft Visual Studio Solution File, Format Version 12.00
# Visual Studio 15
VisualStudioVersion = 15.0.27703.2018
MinimumVisualStudioVersion = 10.0.40219.1
Project("{FAE04EC0-301F-11D3-BF4B-00C04F79EFBC}") = "AppTravisCI.DomainTests", "AppTravisCI.DomainTests\AppTravisCI.DomainTests.csproj", "{4003918B-E4FF-46B0-9EB2-A09700819FF5}"
EndProject
Project("{FAE04EC0-301F-11D3-BF4B-00C04F79EFBC}") = "AppTravisCI.Domain", "AppTravisCI.Domain\AppTravisCI.Domain.csproj", "{9B7E8D4B-8145-4DCF-A25B-390F39A91220}"
EndProject
Global
	GlobalSection(SolutionConfigurationPlatforms) = preSolution
		Debug|Any CPU = Debug|Any CPU
		Release|Any CPU = Release|Any CPU
	EndGlobalSection
	GlobalSection(ProjectConfigurationPlatforms) = postSolution
		{4003918B-E4FF-46B0-9EB2-A09700819FF5}.Debug|Any CPU.ActiveCfg = Debug|Any CPU
		{4003918B-E4FF-46B0-9EB2-A09700819FF5}.Debug|Any CPU.Build.0 = Debug|Any CPU
		{4003918B-E4FF-46B0-9EB2-A09700819FF5}.Release|Any CPU.ActiveCfg = Release|Any CPU
		{4003918B-E4FF-46B0-9EB2-A09700819FF5}.Release|Any CPU.Build.0 = Release|Any CPU
		{9B7E8D4B-8145-4DCF-A25B-390F39A91220}.Debug|Any CPU.ActiveCfg = Debug|Any CPU
		{9B7E8D4B-8145-4DCF-A25B-390F39A91220}.Debug|Any CPU.Build.0 = Debug|Any CPU
		{9B7E8D4B-8145-4DCF-A25B-390F39A91220}.Release|Any CPU.ActiveCfg = Release|Any CPU
		{9B7E8D4B-8145-4DCF-A25B-390F39A91220}.Release|Any CPU.Build.0 = Release|Any CPU
	EndGlobalSection
	GlobalSection(SolutionProperties) = preSolution
		HideSolutionNode = FALSE
	EndGlobalSection
	GlobalSection(ExtensibilityGlobals) = postSolution
		SolutionGuid = {B522A473-870C-4D5B-8779-58944BAE974C}
	EndGlobalSection
EndGlobal
